{
  "name": "@rocketry/plugin-web-midi",
  "version": "0.0.0",
  "lockfileVersion": 1,
  "requires": true,
  "dependencies": {
    "@types/webmidi": {
      "version": "2.0.3",
      "resolved": "https://registry.npmjs.org/@types/webmidi/-/webmidi-2.0.3.tgz",
      "integrity": "sha512-ui4QxwMIf1I601Pw1FgWJqBOOitrWbeox8XENUIR/R7iQ2r3/BROXBpaYq8fKkk6AvGmBKN9oolURHC36KUI0Q==",
      "dev": true
    },
    "typescript": {
      "version": "3.3.3333",
      "resolved": "https://registry.npmjs.org/typescript/-/typescript-3.3.3333.tgz",
      "integrity": "sha512-JjSKsAfuHBE/fB2oZ8NxtRTk5iGcg6hkYXMnZ3Wc+b2RSqejEqTaem11mHASMnFilHrax3sLK0GDzcJrekZYLw==",
      "dev": true
    }
  }
}
